
Microsoft Visual Studio Solution File, Format Version 12.00
# Visual Studio Version 17
VisualStudioVersion = 17.11.35303.130
MinimumVisualStudioVersion = 10.0.40219.1
Project("{888888A0-9F3D-457C-B088-3A5042F75D52}") = "WH Helper", "WH Helper.pyproj", "{8C7DC251-61D1-423D-A549-6CC4C11FFAD0}"
EndProject
Global
	GlobalSection(SolutionConfigurationPlatforms) = preSolution
		Debug|Any CPU = Debug|Any CPU
		Release|Any CPU = Release|Any CPU
	EndGlobalSection
	GlobalSection(ProjectConfigurationPlatforms) = postSolution
		{8C7DC251-61D1-423D-A549-6CC4C11FFAD0}.Debug|Any CPU.ActiveCfg = Debug|Any CPU
		{8C7DC251-61D1-423D-A549-6CC4C11FFAD0}.Release|Any CPU.ActiveCfg = Release|Any CPU
	EndGlobalSection
	GlobalSection(SolutionProperties) = preSolution
		HideSolutionNode = FALSE
	EndGlobalSection
	GlobalSection(ExtensibilityGlobals) = postSolution
		SolutionGuid = {F10D9643-ECAA-4743-BAC7-7471D4E89FB5}
	EndGlobalSection
EndGlobal
